
Microsoft Visual Studio Solution File, Format Version 12.00
# Visual Studio Version 17
VisualStudioVersion = 17.0.31903.59
MinimumVisualStudioVersion = 10.0.40219.1
Project("{2150E333-8FDC-42A3-9474-1A3956D46DE8}") = "src", "src", "{827E0CD3-B72D-47B6-A68D-7590B98EB39B}"
EndProject
Project("{FAE04EC0-301F-11D3-BF4B-00C04F79EFBC}") = "Jellyfin.Plugin.SmartResolver", "src\Jellyfin.Plugin.SmartResolver\Jellyfin.Plugin.SmartResolver.csproj", "{AD97C8E8-9AF9-406C-8890-C8AD5A31DC20}"
EndProject
Project("{FAE04EC0-301F-11D3-BF4B-00C04F79EFBC}") = "Jellyfin.Plugin.SmartResolver.Tests", "src\Jellyfin.Plugin.SmartResolver.Tests\Jellyfin.Plugin.SmartResolver.Tests.csproj", "{435DF640-4376-4800-A503-E49746A0ED7F}"
EndProject
Global
	GlobalSection(SolutionConfigurationPlatforms) = preSolution
		Debug|Any CPU = Debug|Any CPU
		Debug|x64 = Debug|x64
		Debug|x86 = Debug|x86
		Release|Any CPU = Release|Any CPU
		Release|x64 = Release|x64
		Release|x86 = Release|x86
	EndGlobalSection
	GlobalSection(ProjectConfigurationPlatforms) = postSolution
		{AD97C8E8-9AF9-406C-8890-C8AD5A31DC20}.Debug|Any CPU.ActiveCfg = Debug|Any CPU
		{AD97C8E8-9AF9-406C-8890-C8AD5A31DC20}.Debug|Any CPU.Build.0 = Debug|Any CPU
		{AD97C8E8-9AF9-406C-8890-C8AD5A31DC20}.Debug|x64.ActiveCfg = Debug|Any CPU
		{AD97C8E8-9AF9-406C-8890-C8AD5A31DC20}.Debug|x64.Build.0 = Debug|Any CPU
		{AD97C8E8-9AF9-406C-8890-C8AD5A31DC20}.Debug|x86.ActiveCfg = Debug|Any CPU
		{AD97C8E8-9AF9-406C-8890-C8AD5A31DC20}.Debug|x86.Build.0 = Debug|Any CPU
		{AD97C8E8-9AF9-406C-8890-C8AD5A31DC20}.Release|Any CPU.ActiveCfg = Release|Any CPU
		{AD97C8E8-9AF9-406C-8890-C8AD5A31DC20}.Release|Any CPU.Build.0 = Release|Any CPU
		{AD97C8E8-9AF9-406C-8890-C8AD5A31DC20}.Release|x64.ActiveCfg = Release|Any CPU
		{AD97C8E8-9AF9-406C-8890-C8AD5A31DC20}.Release|x64.Build.0 = Release|Any CPU
		{AD97C8E8-9AF9-406C-8890-C8AD5A31DC20}.Release|x86.ActiveCfg = Release|Any CPU
		{AD97C8E8-9AF9-406C-8890-C8AD5A31DC20}.Release|x86.Build.0 = Release|Any CPU
		{435DF640-4376-4800-A503-E49746A0ED7F}.Debug|Any CPU.ActiveCfg = Debug|Any CPU
		{435DF640-4376-4800-A503-E49746A0ED7F}.Debug|Any CPU.Build.0 = Debug|Any CPU
		{435DF640-4376-4800-A503-E49746A0ED7F}.Debug|x64.ActiveCfg = Debug|Any CPU
		{435DF640-4376-4800-A503-E49746A0ED7F}.Debug|x64.Build.0 = Debug|Any CPU
		{435DF640-4376-4800-A503-E49746A0ED7F}.Debug|x86.ActiveCfg = Debug|Any CPU
		{435DF640-4376-4800-A503-E49746A0ED7F}.Debug|x86.Build.0 = Debug|Any CPU
		{435DF640-4376-4800-A503-E49746A0ED7F}.Release|Any CPU.ActiveCfg = Release|Any CPU
		{435DF640-4376-4800-A503-E49746A0ED7F}.Release|Any CPU.Build.0 = Release|Any CPU
		{435DF640-4376-4800-A503-E49746A0ED7F}.Release|x64.ActiveCfg = Release|Any CPU
		{435DF640-4376-4800-A503-E49746A0ED7F}.Release|x64.Build.0 = Release|Any CPU
		{435DF640-4376-4800-A503-E49746A0ED7F}.Release|x86.ActiveCfg = Release|Any CPU
		{435DF640-4376-4800-A503-E49746A0ED7F}.Release|x86.Build.0 = Release|Any CPU
	EndGlobalSection
	GlobalSection(SolutionProperties) = preSolution
		HideSolutionNode = FALSE
	EndGlobalSection
	GlobalSection(NestedProjects) = preSolution
		{AD97C8E8-9AF9-406C-8890-C8AD5A31DC20} = {827E0CD3-B72D-47B6-A68D-7590B98EB39B}
		{435DF640-4376-4800-A503-E49746A0ED7F} = {827E0CD3-B72D-47B6-A68D-7590B98EB39B}
	EndGlobalSection
EndGlobal
